{
    "hash": "2acfc4455532b0701a829db9b8b8f646",
    "packages": [
        {
            "name": "symfony/config",
            "version": "dev-master",
            "target-dir": "Symfony/Component/Config",
            "source": {
                "type": "git",
                "url": "https://github.com/symfony/Config",
                "reference": "a0fbc1ba6a9f745406ce3baa722497b26262af5e"
            },
            "dist": {
                "type": "zip",
                "url": "https://github.com/symfony/Config/zipball/a0fbc1ba6a9f745406ce3baa722497b26262af5e",
                "reference": "a0fbc1ba6a9f745406ce3baa722497b26262af5e",
                "shasum": ""
            },
            "require": {
                "php": ">=5.3.3"
            },
            "time": "1351093287",
            "type": "library",
            "extra": {
                "branch-alias": {
                    "dev-master": "2.2-dev"
                }
            },
            "installation-source": "source",
            "autoload": {
                "psr-0": {
                    "Symfony\\Component\\Config\\": ""
                }
            },
            "license": [
                "MIT"
            ],
            "authors": [
                {
                    "name": "Fabien Potencier",
                    "email": "fabien@symfony.com"
                },
                {
                    "name": "Symfony Community",
                    "homepage": "http://symfony.com/contributors"
                }
            ],
            "description": "Symfony Config Component",
            "homepage": "http://symfony.com"
        },
        {
            "name": "symfony/finder",
            "version": "v2.1.2",
            "target-dir": "Symfony/Component/Finder",
            "source": {
                "type": "git",
                "url": "https://github.com/symfony/Finder",
                "reference": "v2.1.2"
            },
            "dist": {
                "type": "zip",
                "url": "https://github.com/symfony/Finder/zipball/v2.1.2",
                "reference": "v2.1.2",
                "shasum": ""
            },
            "require": {
                "php": ">=5.3.3"
            },
            "time": "2012-08-22 06:48:41",
            "type": "library",
            "extra": {
                "branch-alias": {
                    "dev-master": "2.1-dev"
                }
            },
            "installation-source": "dist",
            "autoload": {
                "psr-0": {
                    "Symfony\\Component\\Finder": ""
                }
            },
            "license": [
                "MIT"
            ],
            "authors": [
                {
                    "name": "Fabien Potencier",
                    "email": "fabien@symfony.com"
                },
                {
                    "name": "Symfony Community",
                    "homepage": "http://symfony.com/contributors"
                }
            ],
            "description": "Symfony Finder Component",
            "homepage": "http://symfony.com"
        },
        {
            "name": "symfony/http-foundation",
            "version": "dev-master",
            "target-dir": "Symfony/Component/HttpFoundation",
            "source": {
                "type": "git",
                "url": "https://github.com/symfony/HttpFoundation",
                "reference": "ecddcf3340c6b5c06be0bca656033ddc389e3fd4"
            },
            "dist": {
                "type": "zip",
                "url": "https://github.com/symfony/HttpFoundation/zipball/ecddcf3340c6b5c06be0bca656033ddc389e3fd4",
                "reference": "ecddcf3340c6b5c06be0bca656033ddc389e3fd4",
                "shasum": ""
            },
            "require": {
                "php": ">=5.3.3"
            },
            "time": "1351093287",
            "type": "library",
            "extra": {
                "branch-alias": {
                    "dev-master": "2.2-dev"
                }
            },
            "installation-source": "source",
            "autoload": {
                "psr-0": {
                    "Symfony\\Component\\HttpFoundation\\": ""
                },
                "classmap": [
                    "Symfony/Component/HttpFoundation/Resources/stubs"
                ]
            },
            "license": [
                "MIT"
            ],
            "authors": [
                {
                    "name": "Fabien Potencier",
                    "email": "fabien@symfony.com"
                },
                {
                    "name": "Symfony Community",
                    "homepage": "http://symfony.com/contributors"
                }
            ],
            "description": "Symfony HttpFoundation Component",
            "homepage": "http://symfony.com"
        },
        {
            "name": "symfony/translation",
            "version": "dev-master",
            "target-dir": "Symfony/Component/Translation",
            "source": {
                "type": "git",
                "url": "https://github.com/symfony/Translation",
                "reference": "8727a9e4be112334c3bac92e7aeabfa35f04b815"
            },
            "dist": {
                "type": "zip",
                "url": "https://github.com/symfony/Translation/zipball/8727a9e4be112334c3bac92e7aeabfa35f04b815",
                "reference": "8727a9e4be112334c3bac92e7aeabfa35f04b815",
                "shasum": ""
            },
            "require": {
                "php": ">=5.3.3"
            },
            "require-dev": {
                "symfony/config": "2.2.*",
                "symfony/yaml": "2.2.*"
            },
            "suggest": {
                "symfony/config": "2.2.*",
                "symfony/yaml": "2.2.*"
            },
            "time": "1351093287",
            "type": "library",
            "extra": {
                "branch-alias": {
                    "dev-master": "2.2-dev"
                }
            },
            "installation-source": "source",
            "autoload": {
                "psr-0": {
                    "Symfony\\Component\\Translation\\": ""
                }
            },
            "license": [
                "MIT"
            ],
            "authors": [
                {
                    "name": "Fabien Potencier",
                    "email": "fabien@symfony.com"
                },
                {
                    "name": "Symfony Community",
                    "homepage": "http://symfony.com/contributors"
                }
            ],
            "description": "Symfony Translation Component",
            "homepage": "http://symfony.com"
        },
        {
            "name": "symfony/yaml",
            "version": "dev-master",
            "target-dir": "Symfony/Component/Yaml",
            "source": {
                "type": "git",
                "url": "https://github.com/symfony/Yaml",
                "reference": "76256c6d9f7f113eb31077883657191510ff0532"
            },
            "dist": {
                "type": "zip",
                "url": "https://github.com/symfony/Yaml/zipball/76256c6d9f7f113eb31077883657191510ff0532",
                "reference": "76256c6d9f7f113eb31077883657191510ff0532",
                "shasum": ""
            },
            "require": {
                "php": ">=5.3.3"
            },
            "time": "1351093287",
            "type": "library",
            "extra": {
                "branch-alias": {
                    "dev-master": "2.2-dev"
                }
            },
            "installation-source": "source",
            "autoload": {
                "psr-0": {
                    "Symfony\\Component\\Yaml\\": ""
                }
            },
            "license": [
                "MIT"
            ],
            "authors": [
                {
                    "name": "Fabien Potencier",
                    "email": "fabien@symfony.com"
                },
                {
                    "name": "Symfony Community",
                    "homepage": "http://symfony.com/contributors"
                }
            ],
            "description": "Symfony Yaml Component",
            "homepage": "http://symfony.com"
        }
    ],
    "packages-dev": null,
    "aliases": [

    ],
    "minimum-stability": "stable",
    "stability-flags": {
        "symfony/http-foundation": 20,
        "symfony/translation": 20,
        "symfony/yaml": 20,
        "symfony/config": 20
    }
}
